// !$*UTF8*$!
{
	archiveVersion = 1;
	classes = {
	};
	objectVersion = 56;
	objects = {

/* Begin PBXBuildFile section */
		DBD61EA82BDB2D6200D86A24 /* AppDelegate.swift in Sources */ = {isa = PBXBuildFile; fileRef = DBD61EA72BDB2D6200D86A24 /* AppDelegate.swift */; };
		DBD61EAA2BDB2D6200D86A24 /* SceneDelegate.swift in Sources */ = {isa = PBXBuildFile; fileRef = DBD61EA92BDB2D6200D86A24 /* SceneDelegate.swift */; };
		DBD61EAC2BDB2D6200D86A24 /* ViewController.swift in Sources */ = {isa = PBXBuildFile; fileRef = DBD61EAB2BDB2D6200D86A24 /* ViewController.swift */; };
		DBD61EAF2BDB2D6200D86A24 /* Base in Resources */ = {isa = PBXBuildFile; fileRef = DBD61EAE2BDB2D6200D86A24 /* Base */; };
		DBD61EB12BDB2D6600D86A24 /* Assets.xcassets in Resources */ = {isa = PBXBuildFile; fileRef = DBD61EB02BDB2D6600D86A24 /* Assets.xcassets */; };
		DBD61EB42BDB2D6600D86A24 /* Base in Resources */ = {isa = PBXBuildFile; fileRef = DBD61EB32BDB2D6600D86A24 /* Base */; };
/* End PBXBuildFile section */

/* Begin PBXFileReference section */
		DBD61EA42BDB2D6200D86A24 /* StoryboradTest_ViktoriaKondaurova.app */ = {isa = PBXFileReference; explicitFileType = wrapper.application; includeInIndex = 0; path = StoryboradTest_ViktoriaKondaurova.app; sourceTree = BUILT_PRODUCTS_DIR; };
		DBD61EA72BDB2D6200D86A24 /* AppDelegate.swift */ = {isa = PBXFileReference; lastKnownFileType = sourcecode.swift; path = AppDelegate.swift; sourceTree = "<group>"; };
		DBD61EA92BDB2D6200D86A24 /* SceneDelegate.swift */ = {isa = PBXFileReference; lastKnownFileType = sourcecode.swift; path = SceneDelegate.swift; sourceTree = "<group>"; };
		DBD61EAB2BDB2D6200D86A24 /* ViewController.swift */ = {isa = PBXFileReference; lastKnownFileType = sourcecode.swift; path = ViewController.swift; sourceTree = "<group>"; };
		DBD61EAE2BDB2D6200D86A24 /* Base */ = {isa = PBXFileReference; lastKnownFileType = file.storyboard; name = Base; path = Base.lproj/Main.storyboard; sourceTree = "<group>"; };
		DBD61EB02BDB2D6600D86A24 /* Assets.xcassets */ = {isa = PBXFileReference; lastKnownFileType = folder.assetcatalog; path = Assets.xcassets; sourceTree = "<group>"; };
		DBD61EB32BDB2D6600D86A24 /* Base */ = {isa = PBXFileReference; lastKnownFileType = file.storyboard; name = Base; path = Base.lproj/LaunchScreen.storyboard; sourceTree = "<group>"; };
		DBD61EB52BDB2D6600D86A24 /* Info.plist */ = {isa = PBXFileReference; lastKnownFileType = text.plist.xml; path = Info.plist; sourceTree = "<group>"; };
/* End PBXFileReference section */

/* Begin PBXFrameworksBuildPhase section */
		DBD61EA12BDB2D6200D86A24 /* Frameworks */ = {
			isa = PBXFrameworksBuildPhase;
			buildActionMask = 2147483647;
			files = (
			);
			runOnlyForDeploymentPostprocessing = 0;
		};
/* End PBXFrameworksBuildPhase section */

/* Begin PBXGroup section */
		DBD61E9B2BDB2D6200D86A24 = {
			isa = PBXGroup;
			children = (
				DBD61EA62BDB2D6200D86A24 /* StoryboradTest_ViktoriaKondaurova */,
				DBD61EA52BDB2D6200D86A24 /* Products */,
			);
			sourceTree = "<group>";
		};
		DBD61EA52BDB2D6200D86A24 /* Products */ = {
			isa = PBXGroup;
			children = (
				DBD61EA42BDB2D6200D86A24 /* StoryboradTest_ViktoriaKondaurova.app */,
			);
			name = Products;
			sourceTree = "<group>";
		};
		DBD61EA62BDB2D6200D86A24 /* StoryboradTest_ViktoriaKondaurova */ = {
			isa = PBXGroup;
			children = (
				DBD61EA72BDB2D6200D86A24 /* AppDelegate.swift */,
				DBD61EA92BDB2D6200D86A24 /* SceneDelegate.swift */,
				DBD61EAB2BDB2D6200D86A24 /* ViewController.swift */,
				DBD61EAD2BDB2D6200D86A24 /* Main.storyboard */,
				DBD61EB02BDB2D6600D86A24 /* Assets.xcassets */,
				DBD61EB22BDB2D6600D86A24 /* LaunchScreen.storyboard */,
				DBD61EB52BDB2D6600D86A24 /* Info.plist */,
			);
			path = StoryboradTest_ViktoriaKondaurova;
			sourceTree = "<group>";
		};
/* End PBXGroup section */

/* Begin PBXNativeTarget section */
		DBD61EA32BDB2D6200D86A24 /* StoryboradTest_ViktoriaKondaurova */ = {
			isa = PBXNativeTarget;
			buildConfigurationList = DBD61EB82BDB2D6600D86A24 /* Build configuration list for PBXNativeTarget "StoryboradTest_ViktoriaKondaurova" */;
			buildPhases = (
				DBD61EA02BDB2D6200D86A24 /* Sources */,
				DBD61EA12BDB2D6200D86A24 /* Frameworks */,
				DBD61EA22BDB2D6200D86A24 /* Resources */,
			);
			buildRules = (
			);
			dependencies = (
			);
			name = StoryboradTest_ViktoriaKondaurova;
			productName = StoryboradTest_ViktoriaKondaurova;
			productReference = DBD61EA42BDB2D6200D86A24 /* StoryboradTest_ViktoriaKondaurova.app */;
			productType = "com.apple.product-type.application";
		};
/* End PBXNativeTarget section */

/* Begin PBXProject section */
		DBD61E9C2BDB2D6200D86A24 /* Project object */ = {
			isa = PBXProject;
			attributes = {
				BuildIndependentTargetsInParallel = 1;
				LastSwiftUpdateCheck = 1530;
				LastUpgradeCheck = 1530;
				TargetAttributes = {
					DBD61EA32BDB2D6200D86A24 = {
						CreatedOnToolsVersion = 15.3;
					};
				};
			};
			buildConfigurationList = DBD61E9F2BDB2D6200D86A24 /* Build configuration list for PBXProject "StoryboradTest_ViktoriaKondaurova" */;
			compatibilityVersion = "Xcode 14.0";
			developmentRegion = en;
			hasScannedForEncodings = 0;
			knownRegions = (
				en,
				Base,
			);
			mainGroup = DBD61E9B2BDB2D6200D86A24;
			productRefGroup = DBD61EA52BDB2D6200D86A24 /* Products */;
			projectDirPath = "";
			projectRoot = "";
			targets = (
				DBD61EA32BDB2D6200D86A24 /* StoryboradTest_ViktoriaKondaurova */,
			);
		};
/* End PBXProject section */

/* Begin PBXResourcesBuildPhase section */
		DBD61EA22BDB2D6200D86A24 /* Resources */ = {
			isa = PBXResourcesBuildPhase;
			buildActionMask = 2147483647;
			files = (
				DBD61EB12BDB2D6600D86A24 /* Assets.xcassets in Resources */,
				DBD61EB42BDB2D6600D86A24 /* Base in Resources */,
				DBD61EAF2BDB2D6200D86A24 /* Base in Resources */,
			);
			runOnlyForDeploymentPostprocessing = 0;
		};
/* End PBXResourcesBuildPhase section */

/* Begin PBXSourcesBuildPhase section */
		DBD61EA02BDB2D6200D86A24 /* Sources */ = {
			isa = PBXSourcesBuildPhase;
			buildActionMask = 2147483647;
			files = (
				DBD61EAC2BDB2D6200D86A24 /* ViewController.swift in Sources */,
				DBD61EA82BDB2D6200D86A24 /* AppDelegate.swift in Sources */,
				DBD61EAA2BDB2D6200D86A24 /* SceneDelegate.swift in Sources */,
			);
			runOnlyForDeploymentPostprocessing = 0;
		};
/* End PBXSourcesBuildPhase section */

/* Begin PBXVariantGroup section */
		DBD61EAD2BDB2D6200D86A24 /* Main.storyboard */ = {
			isa = PBXVariantGroup;
			children = (
				DBD61EAE2BDB2D6200D86A24 /* Base */,
			);
			name = Main.storyboard;
			sourceTree = "<group>";
		};
		DBD61EB22BDB2D6600D86A24 /* LaunchScreen.storyboard */ = {
			isa = PBXVariantGroup;
			children = (
				DBD61EB32BDB2D6600D86A24 /* Base */,
			);
			name = LaunchScreen.storyboard;
			sourceTree = "<group>";
		};
/* End PBXVariantGroup section */

/* Begin XCBuildConfiguration section */
		DBD61EB62BDB2D6600D86A24 /* Debug */ = {
			isa = XCBuildConfiguration;
			buildSettings = {
				ALWAYS_SEARCH_USER_PATHS = NO;
				ASSETCATALOG_COMPILER_GENERATE_SWIFT_ASSET_SYMBOL_EXTENSIONS = YES;
				CLANG_ANALYZER_NONNULL = YES;
				CLANG_ANALYZER_NUMBER_OBJECT_CONVERSION = YES_AGGRESSIVE;
				CLANG_CXX_LANGUAGE_STANDARD = "gnu++20";
				CLANG_ENABLE_MODULES = YES;
				CLANG_ENABLE_OBJC_ARC = YES;
				CLANG_ENABLE_OBJC_WEAK = YES;
				CLANG_WARN_BLOCK_CAPTURE_AUTORELEASING = YES;
				CLANG_WARN_BOOL_CONVERSION = YES;
				CLANG_WARN_COMMA = YES;
				CLANG_WARN_CONSTANT_CONVERSION = YES;
				CLANG_WARN_DEPRECATED_OBJC_IMPLEMENTATIONS = YES;
				CLANG_WARN_DIRECT_OBJC_ISA_USAGE = YES_ERROR;
				CLANG_WARN_DOCUMENTATION_COMMENTS = YES;
				CLANG_WARN_EMPTY_BODY = YES;
				CLANG_WARN_ENUM_CONVERSION = YES;
				CLANG_WARN_INFINITE_RECURSION = YES;
				CLANG_WARN_INT_CONVERSION = YES;
				CLANG_WARN_NON_LITERAL_NULL_CONVERSION = YES;
				CLANG_WARN_OBJC_IMPLICIT_RETAIN_SELF = YES;
				CLANG_WARN_OBJC_LITERAL_CONVERSION = YES;
				CLANG_WARN_OBJC_ROOT_CLASS = YES_ERROR;
				CLANG_WARN_QUOTED_INCLUDE_IN_FRAMEWORK_HEADER = YES;
				CLANG_WARN_RANGE_LOOP_ANALYSIS = YES;
				CLANG_WARN_STRICT_PROTOTYPES = YES;
				CLANG_WARN_SUSPICIOUS_MOVE = YES;
				CLANG_WARN_UNGUARDED_AVAILABILITY = YES_AGGRESSIVE;
				CLANG_WARN_UNREACHABLE_CODE = YES;
				CLANG_WARN__DUPLICATE_METHOD_MATCH = YES;
				COPY_PHASE_STRIP = NO;
				DEBUG_INFORMATION_FORMAT = dwarf;
				ENABLE_STRICT_OBJC_MSGSEND = YES;
				ENABLE_TESTABILITY = YES;
				ENABLE_USER_SCRIPT_SANDBOXING = YES;
				GCC_C_LANGUAGE_STANDARD = gnu17;
				GCC_DYNAMIC_NO_PIC = NO;
				GCC_NO_COMMON_BLOCKS = YES;
				GCC_OPTIMIZATION_LEVEL = 0;
				GCC_PREPROCESSOR_DEFINITIONS = (
					"DEBUG=1",
					"$(inherited)",
				);
				GCC_WARN_64_TO_32_BIT_CONVERSION = YES;
				GCC_WARN_ABOUT_RETURN_TYPE = YES_ERROR;
				GCC_WARN_UNDECLARED_SELECTOR = YES;
				GCC_WARN_UNINITIALIZED_AUTOS = YES_AGGRESSIVE;
				GCC_WARN_UNUSED_FUNCTION = YES;
				GCC_WARN_UNUSED_VARIABLE = YES;
				IPHONEOS_DEPLOYMENT_TARGET = 17.4;
				LOCALIZATION_PREFERS_STRING_CATALOGS = YES;
				MTL_ENABLE_DEBUG_INFO = INCLUDE_SOURCE;
				MTL_FAST_MATH = YES;
				ONLY_ACTIVE_ARCH = YES;
				SDKROOT = iphoneos;
				SWIFT_ACTIVE_COMPILATION_CONDITIONS = "DEBUG $(inherited)";
				SWIFT_OPTIMIZATION_LEVEL = "-Onone";
			};
			name = Debug;
		};
		DBD61EB72BDB2D6600D86A24 /* Release */ = {
			isa = XCBuildConfiguration;
			buildSettings = {
				ALWAYS_SEARCH_USER_PATHS = NO;
				ASSETCATALOG_COMPILER_GENERATE_SWIFT_ASSET_SYMBOL_EXTENSIONS = YES;
				CLANG_ANALYZER_NONNULL = YES;
				CLANG_ANALYZER_NUMBER_OBJECT_CONVERSION = YES_AGGRESSIVE;
				CLANG_CXX_LANGUAGE_STANDARD = "gnu++20";
				CLANG_ENABLE_MODULES = YES;
				CLANG_ENABLE_OBJC_ARC = YES;
				CLANG_ENABLE_OBJC_WEAK = YES;
				CLANG_WARN_BLOCK_CAPTURE_AUTORELEASING = YES;
				CLANG_WARN_BOOL_CONVERSION = YES;
				CLANG_WARN_COMMA = YES;
				CLANG_WARN_CONSTANT_CONVERSION = YES;
				CLANG_WARN_DEPRECATED_OBJC_IMPLEMENTATIONS = YES;
				CLANG_WARN_DIRECT_OBJC_ISA_USAGE = YES_ERROR;
				CLANG_WARN_DOCUMENTATION_COMMENTS = YES;
				CLANG_WARN_EMPTY_BODY = YES;
				CLANG_WARN_ENUM_CONVERSION = YES;
				CLANG_WARN_INFINITE_RECURSION = YES;
				CLANG_WARN_INT_CONVERSION = YES;
				CLANG_WARN_NON_LITERAL_NULL_CONVERSION = YES;
				CLANG_WARN_OBJC_IMPLICIT_RETAIN_SELF = YES;
				CLANG_WARN_OBJC_LITERAL_CONVERSION = YES;
				CLANG_WARN_OBJC_ROOT_CLASS = YES_ERROR;
				CLANG_WARN_QUOTED_INCLUDE_IN_FRAMEWORK_HEADER = YES;
				CLANG_WARN_RANGE_LOOP_ANALYSIS = YES;
				CLANG_WARN_STRICT_PROTOTYPES = YES;
				CLANG_WARN_SUSPICIOUS_MOVE = YES;
				CLANG_WARN_UNGUARDED_AVAILABILITY = YES_AGGRESSIVE;
				CLANG_WARN_UNREACHABLE_CODE = YES;
				CLANG_WARN__DUPLICATE_METHOD_MATCH = YES;
				COPY_PHASE_STRIP = NO;
				DEBUG_INFORMATION_FORMAT = "dwarf-with-dsym";
				ENABLE_NS_ASSERTIONS = NO;
				ENABLE_STRICT_OBJC_MSGSEND = YES;
				ENABLE_USER_SCRIPT_SANDBOXING = YES;
				GCC_C_LANGUAGE_STANDARD = gnu17;
				GCC_NO_COMMON_BLOCKS = YES;
				GCC_WARN_64_TO_32_BIT_CONVERSION = YES;
				GCC_WARN_ABOUT_RETURN_TYPE = YES_ERROR;
				GCC_WARN_UNDECLARED_SELECTOR = YES;
				GCC_WARN_UNINITIALIZED_AUTOS = YES_AGGRESSIVE;
				GCC_WARN_UNUSED_FUNCTION = YES;
				GCC_WARN_UNUSED_VARIABLE = YES;
				IPHONEOS_DEPLOYMENT_TARGET = 17.4;
				LOCALIZATION_PREFERS_STRING_CATALOGS = YES;
				MTL_ENABLE_DEBUG_INFO = NO;
				MTL_FAST_MATH = YES;
				SDKROOT = iphoneos;
				SWIFT_COMPILATION_MODE = wholemodule;
				VALIDATE_PRODUCT = YES;
			};
			name = Release;
		};
		DBD61EB92BDB2D6600D86A24 /* Debug */ = {
			isa = XCBuildConfiguration;
			buildSettings = {
				ASSETCATALOG_COMPILER_APPICON_NAME = AppIcon;
				ASSETCATALOG_COMPILER_GLOBAL_ACCENT_COLOR_NAME = AccentColor;
				CODE_SIGN_STYLE = Automatic;
				CURRENT_PROJECT_VERSION = 1;
				DEVELOPMENT_TEAM = SC9ST93RPM;
				GENERATE_INFOPLIST_FILE = YES;
				INFOPLIST_FILE = StoryboradTest_ViktoriaKondaurova/Info.plist;
				INFOPLIST_KEY_UIApplicationSupportsIndirectInputEvents = YES;
				INFOPLIST_KEY_UILaunchStoryboardName = LaunchScreen;
				INFOPLIST_KEY_UIMainStoryboardFile = Main;
				INFOPLIST_KEY_UISupportedInterfaceOrientations_iPad = "UIInterfaceOrientationPortrait UIInterfaceOrientationPortraitUpsideDown UIInterfaceOrientationLandscapeLeft UIInterfaceOrientationLandscapeRight";
				INFOPLIST_KEY_UISupportedInterfaceOrientations_iPhone = "UIInterfaceOrientationPortrait UIInterfaceOrientationLandscapeLeft UIInterfaceOrientationLandscapeRight";
				LD_RUNPATH_SEARCH_PATHS = (
					"$(inherited)",
					"@executable_path/Frameworks",
				);
				MARKETING_VERSION = 1.0;
				PRODUCT_BUNDLE_IDENTIFIER = "viki.StoryboradTest-ViktoriaKondaurova";
				PRODUCT_NAME = "$(TARGET_NAME)";
				SWIFT_EMIT_LOC_STRINGS = YES;
				SWIFT_VERSION = 5.0;
				TARGETED_DEVICE_FAMILY = "1,2";
			};
			name = Debug;
		};
		DBD61EBA2BDB2D6600D86A24 /* Release */ = {
			isa = XCBuildConfiguration;
			buildSettings = {
				ASSETCATALOG_COMPILER_APPICON_NAME = AppIcon;
				ASSETCATALOG_COMPILER_GLOBAL_ACCENT_COLOR_NAME = AccentColor;
				CODE_SIGN_STYLE = Automatic;
				CURRENT_PROJECT_VERSION = 1;
				DEVELOPMENT_TEAM = SC9ST93RPM;
				GENERATE_INFOPLIST_FILE = YES;
				INFOPLIST_FILE = StoryboradTest_ViktoriaKondaurova/Info.plist;
				INFOPLIST_KEY_UIApplicationSupportsIndirectInputEvents = YES;
				INFOPLIST_KEY_UILaunchStoryboardName = LaunchScreen;
				INFOPLIST_KEY_UIMainStoryboardFile = Main;
				INFOPLIST_KEY_UISupportedInterfaceOrientations_iPad = "UIInterfaceOrientationPortrait UIInterfaceOrientationPortraitUpsideDown UIInterfaceOrientationLandscapeLeft UIInterfaceOrientationLandscapeRight";
				INFOPLIST_KEY_UISupportedInterfaceOrientations_iPhone = "UIInterfaceOrientationPortrait UIInterfaceOrientationLandscapeLeft UIInterfaceOrientationLandscapeRight";
				LD_RUNPATH_SEARCH_PATHS = (
					"$(inherited)",
					"@executable_path/Frameworks",
				);
				MARKETING_VERSION = 1.0;
				PRODUCT_BUNDLE_IDENTIFIER = "viki.StoryboradTest-ViktoriaKondaurova";
				PRODUCT_NAME = "$(TARGET_NAME)";
				SWIFT_EMIT_LOC_STRINGS = YES;
				SWIFT_VERSION = 5.0;
				TARGETED_DEVICE_FAMILY = "1,2";
			};
			name = Release;
		};
/* End XCBuildConfiguration section */

/* Begin XCConfigurationList section */
		DBD61E9F2BDB2D6200D86A24 /* Build configuration list for PBXProject "StoryboradTest_ViktoriaKondaurova" */ = {
			isa = XCConfigurationList;
			buildConfigurations = (
				DBD61EB62BDB2D6600D86A24 /* Debug */,
				DBD61EB72BDB2D6600D86A24 /* Release */,
			);
			defaultConfigurationIsVisible = 0;
			defaultConfigurationName = Release;
		};
		DBD61EB82BDB2D6600D86A24 /* Build configuration list for PBXNativeTarget "StoryboradTest_ViktoriaKondaurova" */ = {
			isa = XCConfigurationList;
			buildConfigurations = (
				DBD61EB92BDB2D6600D86A24 /* Debug */,
				DBD61EBA2BDB2D6600D86A24 /* Release */,
			);
			defaultConfigurationIsVisible = 0;
			defaultConfigurationName = Release;
		};
/* End XCConfigurationList section */
	};
	rootObject = DBD61E9C2BDB2D6200D86A24 /* Project object */;
}
